{
  "version": "5",
  "specifiers": {
    "jsr:@supabase/functions-js@^0.0.0-automated": "0.0.0-jsr-test.1",
    "jsr:@supabase/supabase-js@2": "2.87.3",
    "npm:@google/genai@*": "1.34.0",
    "npm:@supabase/auth-js@2.87.3": "2.87.3",
    "npm:@supabase/postgrest-js@2.87.3": "2.87.3",
    "npm:@supabase/realtime-js@2.87.3": "2.87.3",
    "npm:@supabase/storage-js@2.87.3": "2.87.3",
    "npm:@types/node@*": "22.15.15"
  },
  "jsr": {
    "@supabase/functions-js@0.0.0-jsr-test.1": {
      "integrity": "b1b37924af1f0011b4753201e1585a37b030e996c6682492e02575eb27d902b2"
    },
    "@supabase/supabase-js@2.87.3": {
      "integrity": "da2c3f8df0ec52957159e1329a7269c260b6c4163e6c33ddfe2b0c3527884318",
      "dependencies": [
        "jsr:@supabase/functions-js",
        "npm:@supabase/auth-js",
        "npm:@supabase/postgrest-js",
        "npm:@supabase/realtime-js",
        "npm:@supabase/storage-js"
      ]
    }
  },
  "npm": {
    "@google/genai@1.34.0": {
      "integrity": "sha512-vu53UMPvjmb7PGzlYu6Tzxso8Dfhn+a7eQFaS2uNemVtDZKwzSpJ5+ikqBbXplF7RGB1STcVDqCkPvquiwb2sw==",
      "dependencies": [
        "google-auth-library",
        "ws"
      ]
    },
    "@isaacs/cliui@8.0.2": {
      "integrity": "sha512-O8jcjabXaleOG9DQ0+ARXWZBTfnP4WNAqzuiJK7ll44AmxGKv/J2M4TPjxjY3znBCfvBXFzucm1twdyFybFqEA==",
      "dependencies": [
        "string-width@5.1.2",
        "string-width-cjs@npm:string-width@4.2.3",
        "strip-ansi@7.1.2",
        "strip-ansi-cjs@npm:strip-ansi@6.0.1",
        "wrap-ansi@8.1.0",
        "wrap-ansi-cjs@npm:wrap-ansi@7.0.0"
      ]
    },
    "@pkgjs/parseargs@0.11.0": {
      "integrity": "sha512-+1VkjdD0QBLPodGrJUeqarH8VAIvQODIbwh9XpP5Syisf7YoQgsJKPNFoqqLQlu+VQ/tVSshMR6loPMn8U+dPg=="
    },
    "@supabase/auth-js@2.87.3": {
      "integrity": "sha512-/JjrPXOLhd0fFzf7pd7K16P+nEW2HvVHijis5fLrdGF+jErxuFYCouyzpTOxXO/nfO+EMwYYnu2e55uOet4fog==",
      "dependencies": [
        "tslib"
      ]
    },
    "@supabase/postgrest-js@2.87.3": {
      "integrity": "sha512-5Z+yXOAUX5QPgGbKOAFNzG9Qu2BWufZ86edyDqfvZVm8IzqbbLh98kw4KJMqvJlKynfthBte3RCvbQ20MRk+Mg==",
      "dependencies": [
        "tslib"
      ]
    },
    "@supabase/realtime-js@2.87.3": {
      "integrity": "sha512-KwlE8hp8rxuKQtqyY2s3H1tgzHCtQ+6s0AedpX4PzHgDF63XPjCdDLWzs1/c/7Ut21FRPG7hHcgfGObzq+Npjw==",
      "dependencies": [
        "@types/phoenix",
        "@types/ws",
        "tslib",
        "ws"
      ]
    },
    "@supabase/storage-js@2.87.3": {
      "integrity": "sha512-cMHz9584GNrEl15+uWfNoIusw40QuZ0/F887qihiP2UkrRAW4gVcAZyUa3xUITKsLPQg0zr8fTf4CAw3ugLSNw==",
      "dependencies": [
        "iceberg-js",
        "tslib"
      ]
    },
    "@types/node@22.15.15": {
      "integrity": "sha512-R5muMcZob3/Jjchn5LcO8jdKwSCbzqmPB6ruBxMcf9kbxtniZHP327s6C37iOfuw8mbKK3cAQa7sEl7afLrQ8A==",
      "dependencies": [
        "undici-types"
      ]
    },
    "@types/phoenix@1.6.7": {
      "integrity": "sha512-oN9ive//QSBkf19rfDv45M7eZPi0eEXylht2OLEXicu5b4KoQ1OzXIw+xDSGWxSxe1JmepRR/ZH283vsu518/Q=="
    },
    "@types/ws@8.18.1": {
      "integrity": "sha512-ThVF6DCVhA8kUGy+aazFQ4kXQ7E1Ty7A3ypFOe0IcJV8O/M511G99AW24irKrW56Wt44yG9+ij8FaqoBGkuBXg==",
      "dependencies": [
        "@types/node"
      ]
    },
    "agent-base@7.1.4": {
      "integrity": "sha512-MnA+YT8fwfJPgBx3m60MNqakm30XOkyIoH1y6huTQvC0PwZG7ki8NacLBcrPbNoo8vEZy7Jpuk7+jMO+CUovTQ=="
    },
    "ansi-regex@5.0.1": {
      "integrity": "sha512-quJQXlTSUGL2LH9SUXo8VwsY4soanhgo6LNSm84E1LBcE8s3O0wpdiRzyR9z/ZZJMlMWv37qOOb9pdJlMUEKFQ=="
    },
    "ansi-regex@6.2.2": {
      "integrity": "sha512-Bq3SmSpyFHaWjPk8If9yc6svM8c56dB5BAtW4Qbw5jHTwwXXcTLoRMkpDJp6VL0XzlWaCHTXrkFURMYmD0sLqg=="
    },
    "ansi-styles@4.3.0": {
      "integrity": "sha512-zbB9rCJAT1rbjiVDb2hqKFHNYLxgtk8NURxZ3IZwD3F6NtxbXZQCnnSi1Lkx+IDohdPlFp222wVALIheZJQSEg==",
      "dependencies": [
        "color-convert"
      ]
    },
    "ansi-styles@6.2.3": {
      "integrity": "sha512-4Dj6M28JB+oAH8kFkTLUo+a2jwOFkuqb3yucU0CANcRRUbxS0cP0nZYCGjcc3BNXwRIsUVmDGgzawme7zvJHvg=="
    },
    "balanced-match@1.0.2": {
      "integrity": "sha512-3oSeUO0TMV67hN1AmbXsK4yaqU7tjiHlbxRDZOpH0KW9+CeX4bRAaX0Anxt0tx2MrpRpWwQaPwIlISEJhYU5Pw=="
    },
    "base64-js@1.5.1": {
      "integrity": "sha512-AKpaYlHn8t4SVbOHCy+b5+KKgvR4vrsD8vbvrbiQJps7fKDTkjkDry6ji0rUJjC0kzbNePLwzxq8iypo41qeWA=="
    },
    "bignumber.js@9.3.1": {
      "integrity": "sha512-Ko0uX15oIUS7wJ3Rb30Fs6SkVbLmPBAKdlm7q9+ak9bbIeFf0MwuBsQV6z7+X768/cHsfg+WlysDWJcmthjsjQ=="
    },
    "brace-expansion@2.0.2": {
      "integrity": "sha512-Jt0vHyM+jmUBqojB7E1NIYadt0vI0Qxjxd2TErW94wDz+E2LAm5vKMXXwg6ZZBTHPuUlDgQHKXvjGBdfcF1ZDQ==",
      "dependencies": [
        "balanced-match"
      ]
    },
    "buffer-equal-constant-time@1.0.1": {
      "integrity": "sha512-zRpUiDwd/xk6ADqPMATG8vc9VPrkck7T07OIx0gnjmJAnHnTVXNQG3vfvWNuiZIkwu9KrKdA1iJKfsfTVxE6NA=="
    },
    "color-convert@2.0.1": {
      "integrity": "sha512-RRECPsj7iu/xb5oKYcsFHSppFNnsj/52OVTRKb4zP5onXwVF3zVmmToNcOfGC+CRDpfK/U584fMg38ZHCaElKQ==",
      "dependencies": [
        "color-name"
      ]
    },
    "color-name@1.1.4": {
      "integrity": "sha512-dOy+3AuW3a2wNbZHIuMZpTcgjGuLU/uBL/ubcZF9OXbDo8ff4O8yVp5Bf0efS8uEoYo5q4Fx7dY9OgQGXgAsQA=="
    },
    "cross-spawn@7.0.6": {
      "integrity": "sha512-uV2QOWP2nWzsy2aMp8aRibhi9dlzF5Hgh5SHaB9OiTGEyDTiJJyx0uy51QXdyWbtAHNua4XJzUKca3OzKUd3vA==",
      "dependencies": [
        "path-key",
        "shebang-command",
        "which"
      ]
    },
    "data-uri-to-buffer@4.0.1": {
      "integrity": "sha512-0R9ikRb668HB7QDxT1vkpuUBtqc53YyAwMwGeUFKRojY/NWKvdZ+9UYtRfGmhqNbRkTSVpMbmyhXipFFv2cb/A=="
    },
    "debug@4.4.3": {
      "integrity": "sha512-RGwwWnwQvkVfavKVt22FGLw+xYSdzARwm0ru6DhTVA3umU5hZc28V3kO4stgYryrTlLpuvgI9GiijltAjNbcqA==",
      "dependencies": [
        "ms"
      ]
    },
    "eastasianwidth@0.2.0": {
      "integrity": "sha512-I88TYZWc9XiYHRQ4/3c5rjjfgkjhLyW2luGIheGERbNQ6OY7yTybanSpDXZa8y7VUP9YmDcYa+eyq4ca7iLqWA=="
    },
    "ecdsa-sig-formatter@1.0.11": {
      "integrity": "sha512-nagl3RYrbNv6kQkeJIpt6NJZy8twLB/2vtz6yN9Z4vRKHN4/QZJIEbqohALSgwKdnksuY3k5Addp5lg8sVoVcQ==",
      "dependencies": [
        "safe-buffer"
      ]
    },
    "emoji-regex@8.0.0": {
      "integrity": "sha512-MSjYzcWNOA0ewAHpz0MxpYFvwg6yjy1NG3xteoqz644VCo/RPgnr1/GGt+ic3iJTzQ8Eu3TdM14SawnVUmGE6A=="
    },
    "emoji-regex@9.2.2": {
      "integrity": "sha512-L18DaJsXSUk2+42pv8mLs5jJT2hqFkFE4j21wOmgbUqsZ2hL72NsUU785g9RXgo3s0ZNgVl42TiHp3ZtOv/Vyg=="
    },
    "extend@3.0.2": {
      "integrity": "sha512-fjquC59cD7CyW6urNXK0FBufkZcoiGG80wTuPujX590cB5Ttln20E2UB4S/WARVqhXffZl2LNgS+gQdPIIim/g=="
    },
    "fetch-blob@3.2.0": {
      "integrity": "sha512-7yAQpD2UMJzLi1Dqv7qFYnPbaPx7ZfFK6PiIxQ4PfkGPyNyl2Ugx+a/umUonmKqjhM4DnfbMvdX6otXq83soQQ==",
      "dependencies": [
        "node-domexception",
        "web-streams-polyfill"
      ]
    },
    "foreground-child@3.3.1": {
      "integrity": "sha512-gIXjKqtFuWEgzFRJA9WCQeSJLZDjgJUOMCMzxtvFq/37KojM1BFGufqsCy0r4qSQmYLsZYMeyRqzIWOMup03sw==",
      "dependencies": [
        "cross-spawn",
        "signal-exit"
      ]
    },
    "formdata-polyfill@4.0.10": {
      "integrity": "sha512-buewHzMvYL29jdeQTVILecSaZKnt/RJWjoZCF5OW60Z67/GmSLBkOFM7qh1PI3zFNtJbaZL5eQu1vLfazOwj4g==",
      "dependencies": [
        "fetch-blob"
      ]
    },
    "gaxios@7.1.3": {
      "integrity": "sha512-YGGyuEdVIjqxkxVH1pUTMY/XtmmsApXrCVv5EU25iX6inEPbV+VakJfLealkBtJN69AQmh1eGOdCl9Sm1UP6XQ==",
      "dependencies": [
        "extend",
        "https-proxy-agent",
        "node-fetch",
        "rimraf"
      ]
    },
    "gcp-metadata@8.1.2": {
      "integrity": "sha512-zV/5HKTfCeKWnxG0Dmrw51hEWFGfcF2xiXqcA3+J90WDuP0SvoiSO5ORvcBsifmx/FoIjgQN3oNOGaQ5PhLFkg==",
      "dependencies": [
        "gaxios",
        "google-logging-utils",
        "json-bigint"
      ]
    },
    "glob@10.5.0": {
      "integrity": "sha512-DfXN8DfhJ7NH3Oe7cFmu3NCu1wKbkReJ8TorzSAFbSKrlNaQSKfIzqYqVY8zlbs2NLBbWpRiU52GX2PbaBVNkg==",
      "dependencies": [
        "foreground-child",
        "jackspeak",
        "minimatch",
        "minipass",
        "package-json-from-dist",
        "path-scurry"
      ],
      "bin": true
    },
    "google-auth-library@10.5.0": {
      "integrity": "sha512-7ABviyMOlX5hIVD60YOfHw4/CxOfBhyduaYB+wbFWCWoni4N7SLcV46hrVRktuBbZjFC9ONyqamZITN7q3n32w==",
      "dependencies": [
        "base64-js",
        "ecdsa-sig-formatter",
        "gaxios",
        "gcp-metadata",
        "google-logging-utils",
        "gtoken",
        "jws"
      ]
    },
    "google-logging-utils@1.1.3": {
      "integrity": "sha512-eAmLkjDjAFCVXg7A1unxHsLf961m6y17QFqXqAXGj/gVkKFrEICfStRfwUlGNfeCEjNRa32JEWOUTlYXPyyKvA=="
    },
    "gtoken@8.0.0": {
      "integrity": "sha512-+CqsMbHPiSTdtSO14O51eMNlrp9N79gmeqmXeouJOhfucAedHw9noVe/n5uJk3tbKE6a+6ZCQg3RPhVhHByAIw==",
      "dependencies": [
        "gaxios",
        "jws"
      ]
    },
    "https-proxy-agent@7.0.6": {
      "integrity": "sha512-vK9P5/iUfdl95AI+JVyUuIcVtd4ofvtrOr3HNtM2yxC9bnMbEdp3x01OhQNnjb8IJYi38VlTE3mBXwcfvywuSw==",
      "dependencies": [
        "agent-base",
        "debug"
      ]
    },
    "iceberg-js@0.8.1": {
      "integrity": "sha512-1dhVQZXhcHje7798IVM+xoo/1ZdVfzOMIc8/rgVSijRK38EDqOJoGula9N/8ZI5RD8QTxNQtK/Gozpr+qUqRRA=="
    },
    "is-fullwidth-code-point@3.0.0": {
      "integrity": "sha512-zymm5+u+sCsSWyD9qNaejV3DFvhCKclKdizYaJUuHA83RLjb7nSuGnddCHGv0hk+KY7BMAlsWeK4Ueg6EV6XQg=="
    },
    "isexe@2.0.0": {
      "integrity": "sha512-RHxMLp9lnKHGHRng9QFhRCMbYAcVpn69smSGcq3f36xjgVVWThj4qqLbTLlq7Ssj8B+fIQ1EuCEGI2lKsyQeIw=="
    },
    "jackspeak@3.4.3": {
      "integrity": "sha512-OGlZQpz2yfahA/Rd1Y8Cd9SIEsqvXkLVoSw/cgwhnhFMDbsQFeZYoJJ7bIZBS9BcamUW96asq/npPWugM+RQBw==",
      "dependencies": [
        "@isaacs/cliui"
      ],
      "optionalDependencies": [
        "@pkgjs/parseargs"
      ]
    },
    "json-bigint@1.0.0": {
      "integrity": "sha512-SiPv/8VpZuWbvLSMtTDU8hEfrZWg/mH/nV/b4o0CYbSxu1UIQPLdwKOCIyLQX+VIPO5vrLX3i8qtqFyhdPSUSQ==",
      "dependencies": [
        "bignumber.js"
      ]
    },
    "jwa@2.0.1": {
      "integrity": "sha512-hRF04fqJIP8Abbkq5NKGN0Bbr3JxlQ+qhZufXVr0DvujKy93ZCbXZMHDL4EOtodSbCWxOqR8MS1tXA5hwqCXDg==",
      "dependencies": [
        "buffer-equal-constant-time",
        "ecdsa-sig-formatter",
        "safe-buffer"
      ]
    },
    "jws@4.0.1": {
      "integrity": "sha512-EKI/M/yqPncGUUh44xz0PxSidXFr/+r0pA70+gIYhjv+et7yxM+s29Y+VGDkovRofQem0fs7Uvf4+YmAdyRduA==",
      "dependencies": [
        "jwa",
        "safe-buffer"
      ]
    },
    "lru-cache@10.4.3": {
      "integrity": "sha512-JNAzZcXrCt42VGLuYz0zfAzDfAvJWW6AfYlDBQyDV5DClI2m5sAmK+OIO7s59XfsRsWHp02jAJrRadPRGTt6SQ=="
    },
    "minimatch@9.0.5": {
      "integrity": "sha512-G6T0ZX48xgozx7587koeX9Ys2NYy6Gmv//P89sEte9V9whIapMNF4idKxnW2QtCcLiTWlb/wfCabAtAFWhhBow==",
      "dependencies": [
        "brace-expansion"
      ]
    },
    "minipass@7.1.2": {
      "integrity": "sha512-qOOzS1cBTWYF4BH8fVePDBOO9iptMnGUEZwNc/cMWnTV2nVLZ7VoNWEPHkYczZA0pdoA7dl6e7FL659nX9S2aw=="
    },
    "ms@2.1.3": {
      "integrity": "sha512-6FlzubTLZG3J2a/NVCAleEhjzq5oxgHyaCU9yYXvcLsvoVaHJq/s5xXI6/XXP6tz7R9xAOtHnSO/tXtF3WRTlA=="
    },
    "node-domexception@1.0.0": {
      "integrity": "sha512-/jKZoMpw0F8GRwl4/eLROPA3cfcXtLApP0QzLmUT/HuPCZWyB7IY9ZrMeKw2O/nFIqPQB3PVM9aYm0F312AXDQ==",
      "deprecated": true
    },
    "node-fetch@3.3.2": {
      "integrity": "sha512-dRB78srN/l6gqWulah9SrxeYnxeddIG30+GOqK/9OlLVyLg3HPnr6SqOWTWOXKRwC2eGYCkZ59NNuSgvSrpgOA==",
      "dependencies": [
        "data-uri-to-buffer",
        "fetch-blob",
        "formdata-polyfill"
      ]
    },
    "package-json-from-dist@1.0.1": {
      "integrity": "sha512-UEZIS3/by4OC8vL3P2dTXRETpebLI2NiI5vIrjaD/5UtrkFX/tNbwjTSRAGC/+7CAo2pIcBaRgWmcBBHcsaCIw=="
    },
    "path-key@3.1.1": {
      "integrity": "sha512-ojmeN0qd+y0jszEtoY48r0Peq5dwMEkIlCOu6Q5f41lfkswXuKtYrhgoTpLnyIcHm24Uhqx+5Tqm2InSwLhE6Q=="
    },
    "path-scurry@1.11.1": {
      "integrity": "sha512-Xa4Nw17FS9ApQFJ9umLiJS4orGjm7ZzwUrwamcGQuHSzDyth9boKDaycYdDcZDuqYATXw4HFXgaqWTctW/v1HA==",
      "dependencies": [
        "lru-cache",
        "minipass"
      ]
    },
    "rimraf@5.0.10": {
      "integrity": "sha512-l0OE8wL34P4nJH/H2ffoaniAokM2qSmrtXHmlpvYr5AVVX8msAyW0l8NVJFDxlSK4u3Uh/f41cQheDVdnYijwQ==",
      "dependencies": [
        "glob"
      ],
      "bin": true
    },
    "safe-buffer@5.2.1": {
      "integrity": "sha512-rp3So07KcdmmKbGvgaNxQSJr7bGVSVk5S9Eq1F+ppbRo70+YeaDxkw5Dd8NPN+GD6bjnYm2VuPuCXmpuYvmCXQ=="
    },
    "shebang-command@2.0.0": {
      "integrity": "sha512-kHxr2zZpYtdmrN1qDjrrX/Z1rR1kG8Dx+gkpK1G4eXmvXswmcE1hTWBWYUzlraYw1/yZp6YuDY77YtvbN0dmDA==",
      "dependencies": [
        "shebang-regex"
      ]
    },
    "shebang-regex@3.0.0": {
      "integrity": "sha512-7++dFhtcx3353uBaq8DDR4NuxBetBzC7ZQOhmTQInHEd6bSrXdiEyzCvG07Z44UYdLShWUyXt5M/yhz8ekcb1A=="
    },
    "signal-exit@4.1.0": {
      "integrity": "sha512-bzyZ1e88w9O1iNJbKnOlvYTrWPDl46O1bG0D3XInv+9tkPrxrN8jUUTiFlDkkmKWgn1M6CfIA13SuGqOa9Korw=="
    },
    "string-width@4.2.3": {
      "integrity": "sha512-wKyQRQpjJ0sIp62ErSZdGsjMJWsap5oRNihHhu6G7JVO/9jIB6UyevL+tXuOqrng8j/cxKTWyWUwvSTriiZz/g==",
      "dependencies": [
        "emoji-regex@8.0.0",
        "is-fullwidth-code-point",
        "strip-ansi@6.0.1"
      ]
    },
    "string-width@5.1.2": {
      "integrity": "sha512-HnLOCR3vjcY8beoNLtcjZ5/nxn2afmME6lhrDrebokqMap+XbeW8n9TXpPDOqdGK5qcI3oT0GKTW6wC7EMiVqA==",
      "dependencies": [
        "eastasianwidth",
        "emoji-regex@9.2.2",
        "strip-ansi@7.1.2"
      ]
    },
    "strip-ansi@6.0.1": {
      "integrity": "sha512-Y38VPSHcqkFrCpFnQ9vuSXmquuv5oXOKpGeT6aGrr3o3Gc9AlVa6JBfUSOCnbxGGZF+/0ooI7KrPuUSztUdU5A==",
      "dependencies": [
        "ansi-regex@5.0.1"
      ]
    },
    "strip-ansi@7.1.2": {
      "integrity": "sha512-gmBGslpoQJtgnMAvOVqGZpEz9dyoKTCzy2nfz/n8aIFhN/jCE/rCmcxabB6jOOHV+0WNnylOxaxBQPSvcWklhA==",
      "dependencies": [
        "ansi-regex@6.2.2"
      ]
    },
    "tslib@2.8.1": {
      "integrity": "sha512-oJFu94HQb+KVduSUQL7wnpmqnfmLsOA/nAh6b6EH0wCEoK0/mPeXU6c3wKDV83MkOuHPRHtSXKKU99IBazS/2w=="
    },
    "undici-types@6.21.0": {
      "integrity": "sha512-iwDZqg0QAGrg9Rav5H4n0M64c3mkR59cJ6wQp+7C4nI0gsmExaedaYLNO44eT4AtBBwjbTiGPMlt2Md0T9H9JQ=="
    },
    "web-streams-polyfill@3.3.3": {
      "integrity": "sha512-d2JWLCivmZYTSIoge9MsgFCZrt571BikcWGYkjC1khllbTeDlGqZ2D8vD8E/lJa8WGWbb7Plm8/XJYV7IJHZZw=="
    },
    "which@2.0.2": {
      "integrity": "sha512-BLI3Tl1TW3Pvl70l3yq3Y64i+awpwXqsGBYWkkqMtnbXgrMD+yj7rhW0kuEDxzJaYXGjEW5ogapKNMEKNMjibA==",
      "dependencies": [
        "isexe"
      ],
      "bin": true
    },
    "wrap-ansi@7.0.0": {
      "integrity": "sha512-YVGIj2kamLSTxw6NsZjoBxfSwsn0ycdesmc4p+Q21c5zPuZ1pl+NfxVdxPtdHvmNVOQ6XSYG4AUtyt/Fi7D16Q==",
      "dependencies": [
        "ansi-styles@4.3.0",
        "string-width@4.2.3",
        "strip-ansi@6.0.1"
      ]
    },
    "wrap-ansi@8.1.0": {
      "integrity": "sha512-si7QWI6zUMq56bESFvagtmzMdGOtoxfR+Sez11Mobfc7tm+VkUckk9bW2UeffTGVUbOksxmSw0AA2gs8g71NCQ==",
      "dependencies": [
        "ansi-styles@6.2.3",
        "string-width@5.1.2",
        "strip-ansi@7.1.2"
      ]
    },
    "ws@8.18.3": {
      "integrity": "sha512-PEIGCY5tSlUt50cqyMXfCzX+oOPqN0vuGqWzbcJ2xvnkzkq46oOpz7dQaTDBdfICb4N14+GARUDw2XV2N4tvzg=="
    }
  },
  "redirects": {
    "https://esm.sh/@google/generative-ai": "https://esm.sh/@google/generative-ai@0.24.1",
    "https://esm.sh/@mistralai/mistralai": "https://esm.sh/@mistralai/mistralai@1.10.0",
    "https://esm.sh/zod-to-json-schema@^3.24.1?target=denonext": "https://esm.sh/zod-to-json-schema@3.25.0?target=denonext",
    "https://esm.sh/zod@^3.20.0?target=denonext": "https://esm.sh/zod@3.25.76?target=denonext",
    "https://esm.sh/zod@^4.1.12/v3?target=denonext": "https://esm.sh/zod@4.2.1/v3?target=denonext"
  },
  "remote": {
    "https://deno.land/x/openai@v4.20.1/_shims/MultipartBody.ts": "fe06a56b54ae358c9cf99823096e34b36795fdba2e17513f0e9539210edd797d",
    "https://deno.land/x/openai@v4.20.1/_shims/mod.ts": "df7a905c0bd873d3dab745b9c63403594b1804131b5f533e1e72a2f2747cba74",
    "https://deno.land/x/openai@v4.20.1/core.ts": "f63dd18846582debcbf9834b944f1a65c879b6f9624466d97198291dc0915400",
    "https://deno.land/x/openai@v4.20.1/error.ts": "82962c51d5894159afc3351e31133eacad9405674ea03c8ccd5ce071b88d5ebf",
    "https://deno.land/x/openai@v4.20.1/lib/AbstractChatCompletionRunner.ts": "6b87c60ba510ab029aafa6c24a80e83cf6983b5c519bb80da52266094a66241a",
    "https://deno.land/x/openai@v4.20.1/lib/ChatCompletionRunner.ts": "3c3a7b73cd79651d3aeab78770e35c6f16daa2fe35fbcf98fc74f45498e66f73",
    "https://deno.land/x/openai@v4.20.1/lib/ChatCompletionStream.ts": "39cec326472bb4a6c469638bae96b2d594f744cda1e86983d713360648b68ac1",
    "https://deno.land/x/openai@v4.20.1/lib/ChatCompletionStreamingRunner.ts": "84dee0a2c2c174f32cbd3b8df740979ca49e4b9c765b347113627c5227325f00",
    "https://deno.land/x/openai@v4.20.1/lib/RunnableFunction.ts": "3eb14dbe7e7c56c8d14e22e758b8dd115569dba257a80de86bddce2e1e247957",
    "https://deno.land/x/openai@v4.20.1/lib/chatCompletionUtils.ts": "4991d3e698a54f8e4273eb0f1d73851f7ba549a0a32fabbcd739627677003cb9",
    "https://deno.land/x/openai@v4.20.1/lib/jsonschema.ts": "ed31a7861e19e505c43aa7612579b2739243ee8e8dd47ccb5f8908fa5ff3b5f0",
    "https://deno.land/x/openai@v4.20.1/mod.ts": "323df13276faead49d212ecbb535a4cd253ce911cdd527d514cbc3b16a92d066",
    "https://deno.land/x/openai@v4.20.1/pagination.ts": "cff578222c3cd20ba48d86ddc596b45c45f134e8e0f1fd84ee6ee7438457fecf",
    "https://deno.land/x/openai@v4.20.1/resource.ts": "ab3af12d680ecd58fad8f1ff5cd64b48314155bfbd1c4498d1cadd914f8a1316",
    "https://deno.land/x/openai@v4.20.1/resources/audio/audio.ts": "5e29281f42c8938e9ae93284fc360b4d7fa9c21cd79fe03a48e98e8b317edab0",
    "https://deno.land/x/openai@v4.20.1/resources/audio/speech.ts": "8e49ad3a136095e5276e625d5d765fa3a5152ee9fd463fece505245c90f2e419",
    "https://deno.land/x/openai@v4.20.1/resources/audio/transcriptions.ts": "3b6881e3c4ab19a0946f7bc5f91c2e64eefcf8e37fd715ab464d0dc27590df1c",
    "https://deno.land/x/openai@v4.20.1/resources/audio/translations.ts": "9785bc24a8a555e06898a029f943169934f15051862cf7e824f32defdc19d485",
    "https://deno.land/x/openai@v4.20.1/resources/beta/assistants/assistants.ts": "e53e8edb16a1c794a84148a140ddf7e64f0d8c09f557e3925e0ce4972885f7be",
    "https://deno.land/x/openai@v4.20.1/resources/beta/assistants/files.ts": "a923a0ae4f8f7a2953709ba97e7849e212c62571fd6075670ee695b5ed6eb117",
    "https://deno.land/x/openai@v4.20.1/resources/beta/beta.ts": "fbcb0b5065cd8093173544282a9208e6f6b89f66b5dbe62c420cd3ad5fa6aff8",
    "https://deno.land/x/openai@v4.20.1/resources/beta/chat/chat.ts": "27c8bfae3bd25d2c7a76e61af3bb63dbf39406ee826282fb1f1502bd5b577cd3",
    "https://deno.land/x/openai@v4.20.1/resources/beta/chat/completions.ts": "b8465a8ce4eef0321a626d7b81afba082ec00a64049fa608a75fbe4c32e16757",
    "https://deno.land/x/openai@v4.20.1/resources/beta/threads/messages/files.ts": "bd50ec629f6216944a42455ea5f9ec992885df346637f46ede3a4c71fb04246f",
    "https://deno.land/x/openai@v4.20.1/resources/beta/threads/messages/messages.ts": "34ac0d56bf22a5fe6d7853d8c921b81f35817dc76ce7875f7763101bd7449544",
    "https://deno.land/x/openai@v4.20.1/resources/beta/threads/runs/runs.ts": "119df4a929d95228f7cc7da7c360016b7e4792f0e881d2c2e93eb9918ccfec1a",
    "https://deno.land/x/openai@v4.20.1/resources/beta/threads/runs/steps.ts": "f2bf9b8d1e621f4bac680cda81d2d772262fdc36e817f7f00e07b3e3da873957",
    "https://deno.land/x/openai@v4.20.1/resources/beta/threads/threads.ts": "c38ee69e89a6ca36de824fd4b6997c77ac603aa928ffb97ea3e3614a12e34ee4",
    "https://deno.land/x/openai@v4.20.1/resources/chat/chat.ts": "e728dc93430dbfc9e0b8c8fd85586c3df7a62e19e76f8e50cd61908870307b46",
    "https://deno.land/x/openai@v4.20.1/resources/chat/completions.ts": "015a5c554fb66c235eb65d9263105599741e21b9981c193c499b6679d96ded63",
    "https://deno.land/x/openai@v4.20.1/resources/chat/mod.ts": "480cc1f33b18f1336c1a9f7901555a4f90a0e0d76fb6d584719d4d44e904b02e",
    "https://deno.land/x/openai@v4.20.1/resources/completions.ts": "0626392e82360050233b630910f2a36baad3b1bc76bba6f9c2c2f98e08a40e22",
    "https://deno.land/x/openai@v4.20.1/resources/edits.ts": "847a392dfe2d6a3614a20f46e013acaeb06e69de40a4106b012cb99f02fcfc23",
    "https://deno.land/x/openai@v4.20.1/resources/embeddings.ts": "9fb5b08e9e3ab80c05fcf49498a7658c62b3adf00a02955d21dfd6d0d63c144d",
    "https://deno.land/x/openai@v4.20.1/resources/files.ts": "ce845094c3d37267a09a81ff5f0b271e9a7816ee90a584c4d7316f577d8510a7",
    "https://deno.land/x/openai@v4.20.1/resources/fine-tunes.ts": "d4b7f4d758b0bfe6e5350d58ebe57150aa3426dc5143ec5815b4e231adffff0f",
    "https://deno.land/x/openai@v4.20.1/resources/fine-tuning/fine-tuning.ts": "c6021ccd5d6f062e6d6178882fba60fdfe51d5f54a0fd45a62d0823b21ca3314",
    "https://deno.land/x/openai@v4.20.1/resources/fine-tuning/jobs.ts": "9a619aa3f433ab24f8847129329e3d6105f4f59d4a02853e40097c1c423dcbff",
    "https://deno.land/x/openai@v4.20.1/resources/images.ts": "ac7153dd8bb7bdc93efb2ad2868a7acca5688f942936988273e23378a660a345",
    "https://deno.land/x/openai@v4.20.1/resources/mod.ts": "a2217f5ca1dfb6d64f752c673ac0348e85808cf956616571b203365ffe8e002d",
    "https://deno.land/x/openai@v4.20.1/resources/models.ts": "83f81fc5075a6ac2cdb6515014b7e9ce0d311f698ea416e8bf305573786ea809",
    "https://deno.land/x/openai@v4.20.1/resources/moderations.ts": "e3ebf9638af6c18e9a9ea875d1397580a501890ed9bd6710b2248a1b21bec30a",
    "https://deno.land/x/openai@v4.20.1/resources/shared.ts": "a3986a3bbdb8f62da18b5c96d6abef17970e08fbb6e1469917cf7c879de83220",
    "https://deno.land/x/openai@v4.20.1/streaming.ts": "f360cf909b07562330ca75470ae26eecdc35f176af424b0f74ab673a5b242782",
    "https://deno.land/x/openai@v4.20.1/uploads.ts": "96dbd9e7e7b5a9bc3ff38e81f6c1372c2cdce28b38c704cd61c7daeb5494b6f9",
    "https://deno.land/x/openai@v4.20.1/version.ts": "55cb1dcb3480047da666ac02403f7174e8b5c072c4e8483a56e4eab96da13757",
    "https://esm.sh/@google/generative-ai@0.24.1": "1b08807076eadeaddb89d41e9a2365e6980ec870416b808e58fd0ea6ac0a93d5",
    "https://esm.sh/@google/generative-ai@0.24.1/denonext/generative-ai.mjs": "08c9716071f5f129a462eb9c71ebaa7f0597d1ef5005ef995fd606f3f0f7f073",
    "https://esm.sh/@mistralai/mistralai@1.10.0": "0c701099356d5e79d623158a09e6d1cfd4e161af0d1b45353a1fab7da63e8515",
    "https://esm.sh/@mistralai/mistralai@1.10.0/denonext/mistralai.mjs": "eab2e415af3eeffa87c2c7534059c0d2f456c8f361db7faa14483f1861624b6e",
    "https://esm.sh/openai@4.73.0": "e647fbb46d937f1d3bc09dd80e4ee31fec3dbd905bf8aba52f7ff5ffc05f6185",
    "https://esm.sh/openai@4.73.0/denonext/_shims/MultipartBody.mjs": "f6baa330ef9f5c26b643c30fe11cc9349e63f3958c4bf2c44346044ac54670dc",
    "https://esm.sh/openai@4.73.0/denonext/_shims/auto/runtime.mjs": "17549310ff05aad3cf5e8bc07fbfa9a9efea6c2a3261dbd5c757e5780ab1dc18",
    "https://esm.sh/openai@4.73.0/denonext/_shims/index.mjs": "12595e3323948801d6e36fafc2e40d218079a742541a97a59465ec16d92335e9",
    "https://esm.sh/openai@4.73.0/denonext/_shims/registry.mjs": "dbd70b290b25486d6860ece8b1f8c07f9ebad14dc1a5d3350a03a4dd30a1dbab",
    "https://esm.sh/openai@4.73.0/denonext/_shims/web-runtime.mjs": "4baf7c7fe8fa093460af69f20dee0643034246949ce14880fccbefbfec7abd44",
    "https://esm.sh/openai@4.73.0/denonext/_vendor/partial-json-parser/parser.mjs": "08e50bf1b2262b18e3628c5953a7367a4c1c4309c7a3075ee719370d79370189",
    "https://esm.sh/openai@4.73.0/denonext/core.mjs": "71341f0ae2b40e2363dd6e6f8db525aa004b48283d2ae4811faafd995e9bbe61",
    "https://esm.sh/openai@4.73.0/denonext/error.mjs": "5c090f7e2e11b981b664539588b887aa7a84e58062271aaa6779acd53cf658b9",
    "https://esm.sh/openai@4.73.0/denonext/internal/decoders/line.mjs": "baa3c2067db9f41331f27df0970c428134a77638d3819aa015549b97d6d499a8",
    "https://esm.sh/openai@4.73.0/denonext/internal/qs/formats.mjs": "d84eb4dff898748556bfe858a53e54ae113875de4f817e2d582103327c35359f",
    "https://esm.sh/openai@4.73.0/denonext/internal/qs/index.mjs": "231d47178b7bbd4efead5f24f249a16aebe4b8d2539c42a6cc54cc8af78852ba",
    "https://esm.sh/openai@4.73.0/denonext/internal/qs/stringify.mjs": "85c889b2ce431146847431da0174dc55efed6961ef46ea1c4785406603f68cfa",
    "https://esm.sh/openai@4.73.0/denonext/internal/qs/utils.mjs": "50a2e0e3be2c33d9ea3c1e1112476c329d83cb454db7f850c699972574900d5f",
    "https://esm.sh/openai@4.73.0/denonext/lib/AbstractChatCompletionRunner.mjs": "381ab72ce771cd2d6b88b1c0eda10e716559b62776d427246846a352b4af13ea",
    "https://esm.sh/openai@4.73.0/denonext/lib/AssistantStream.mjs": "72933732faf8c0ddfb858e22889ad27bc07983b3c096a8cf9ad38874e9106b07",
    "https://esm.sh/openai@4.73.0/denonext/lib/ChatCompletionRunner.mjs": "001fcf46ec43254fde1cec726fc500898ff833ab82558616625470ef61f12240",
    "https://esm.sh/openai@4.73.0/denonext/lib/ChatCompletionStream.mjs": "a24db03cf10f85e6ffa3489f0827b6aa7c359164f401d3c0092e6e6c20f19788",
    "https://esm.sh/openai@4.73.0/denonext/lib/ChatCompletionStreamingRunner.mjs": "90582f9f2577b009139621d36675328625492fc7a8771e6ad3889c620a2aeaeb",
    "https://esm.sh/openai@4.73.0/denonext/lib/EventStream.mjs": "4d26f2368ab694005d82e73430f94e3a10af6699c9a446a76f7583014d51cabe",
    "https://esm.sh/openai@4.73.0/denonext/lib/RunnableFunction.mjs": "f5beffadf770f1fb94b71ddb65ea054b0860d06751c74dfc62286304ec9e029b",
    "https://esm.sh/openai@4.73.0/denonext/lib/Util.mjs": "551de6a53a74ab296f0a70ff9fcfec78095a81c904d68e8f3d020d396d5bbecc",
    "https://esm.sh/openai@4.73.0/denonext/lib/chatCompletionUtils.mjs": "856ca2985d2a71d0291b082dcd151e7a5742b6de9bfd7decd619b71c5cc0c8d7",
    "https://esm.sh/openai@4.73.0/denonext/lib/parser.mjs": "61794ea0b72550dbecd90407e7566ab43e072081dd3874973c8dcf81ab24f01e",
    "https://esm.sh/openai@4.73.0/denonext/openai.mjs": "003e59d4a9ad47b3d6addf5d6ccdb10eec69c489838922261a0f66fddbc52fc2",
    "https://esm.sh/openai@4.73.0/denonext/pagination.mjs": "94fcd0bd876e04d38e7a3bfd8b252d5d3fdd2146c2bb3caa72750dd408dfe468",
    "https://esm.sh/openai@4.73.0/denonext/resource.mjs": "afb4cf37b3596e816c1b8457d8dfe5433952051e5978ceb3deb0fb773731691b",
    "https://esm.sh/openai@4.73.0/denonext/resources/audio/audio.mjs": "9d16adf76a392be01642d82f1465c63cbca0e6c818c07c90a56142047e672cf3",
    "https://esm.sh/openai@4.73.0/denonext/resources/audio/speech.mjs": "4727970355a77f3dac6cfab52b127b2d63b75dba4e03f9a6d79646b1004aa508",
    "https://esm.sh/openai@4.73.0/denonext/resources/audio/transcriptions.mjs": "90ca0d312b89652bd26f2c71e6a33327c5410f8825c0ce8114cfe3c3e2cc0628",
    "https://esm.sh/openai@4.73.0/denonext/resources/audio/translations.mjs": "a4cc4d7a309cc44612ee3eea4c424ef56570e343ba5e65ca89d5708df26b9937",
    "https://esm.sh/openai@4.73.0/denonext/resources/batches.mjs": "e09b8d21e467de3a046f89c0e917a865d66dbdc8c4bd09fc530d34347872a1e9",
    "https://esm.sh/openai@4.73.0/denonext/resources/beta/assistants.mjs": "97526cef453a5d4bb2f005243aa3cfbafdb2301377d3862961f5d5f711eedb0d",
    "https://esm.sh/openai@4.73.0/denonext/resources/beta/beta.mjs": "43b486f32a1632aa66ba06a202b601fe9ddd5ea091d94eb6022753264ec44941",
    "https://esm.sh/openai@4.73.0/denonext/resources/beta/chat/chat.mjs": "e616be4fb4e63c512cb4b082dab6c7ff769975efa331562eb8b5a8c532b90506",
    "https://esm.sh/openai@4.73.0/denonext/resources/beta/chat/completions.mjs": "06ebbdc647cee2135e44ba0dea3d049ee76fd123942a5bb24c8f88abbb1bf03b",
    "https://esm.sh/openai@4.73.0/denonext/resources/beta/threads/messages.mjs": "18f2a43f660f18cf99f62a1dc13990ad8cc29d595d02eebae7451fe8894d2298",
    "https://esm.sh/openai@4.73.0/denonext/resources/beta/threads/runs/runs.mjs": "ebadb87d616f78b19774db635ec9fa8689a0b4b299b18fe8de1bcd845b304551",
    "https://esm.sh/openai@4.73.0/denonext/resources/beta/threads/runs/steps.mjs": "a674d21f1e59ecb1bbcfa4d9386cb4b5254f3b008544bc88825d1421f63f2c4c",
    "https://esm.sh/openai@4.73.0/denonext/resources/beta/threads/threads.mjs": "67397e9b6f328a794ea8da08b6805bbd72139b87e9d95a1226f6056e48c4364a",
    "https://esm.sh/openai@4.73.0/denonext/resources/beta/vector-stores/file-batches.mjs": "9fc6d0612f8cd23527df9e3ebcbdff895fed8d7f0e963a7055c7ee4eb22f891b",
    "https://esm.sh/openai@4.73.0/denonext/resources/beta/vector-stores/files.mjs": "67de1f2eae53da90fb0102a3f1f0766dd87da17d1f1ad2a0376a91305b726bf4",
    "https://esm.sh/openai@4.73.0/denonext/resources/beta/vector-stores/vector-stores.mjs": "159b9710f20fff7f731caad49c9fc23d3fb6ca9642182e0eebbf3e9a8a93c248",
    "https://esm.sh/openai@4.73.0/denonext/resources/chat/chat.mjs": "3b3d5d0e6a67daa739e29cb645fbc5b87e2b0f86af894c65f24226cced35aa67",
    "https://esm.sh/openai@4.73.0/denonext/resources/chat/completions.mjs": "48ba7eb9ade367c4e4b8821f9b98d73c611f351f1c493716685370452ee99150",
    "https://esm.sh/openai@4.73.0/denonext/resources/chat/index.mjs": "372c6a9c61b7c993508dc5b7bc3a15abc22c5e35a4c5e354a447a9c6dce189eb",
    "https://esm.sh/openai@4.73.0/denonext/resources/completions.mjs": "f01ce71cbc9bc0fa9ce8e938ee4f1ef3cd827e6481fcc9fae88759d8ae52a2a6",
    "https://esm.sh/openai@4.73.0/denonext/resources/embeddings.mjs": "820cb4cc813e0edbac84cf71b506dd0784791d48264841a7a8c6a1a20ef30480",
    "https://esm.sh/openai@4.73.0/denonext/resources/files.mjs": "5cbe0c8e81155285de8fcd01c38af616e1f930cb3d64fba0a8e0a9ed68f7def9",
    "https://esm.sh/openai@4.73.0/denonext/resources/fine-tuning/fine-tuning.mjs": "866c849a7f9c36e8f0a7322ba6125f061b4f62cc186855e039c527144ff6bf66",
    "https://esm.sh/openai@4.73.0/denonext/resources/fine-tuning/jobs/checkpoints.mjs": "0aef75a290a5fbe94ff6db9e97191c97f897311bef0c7564048c49831fda575e",
    "https://esm.sh/openai@4.73.0/denonext/resources/fine-tuning/jobs/jobs.mjs": "fe4f2792e5c4b06ade4bbe88fa6dd63c270794a22751d2455509bdd4897fa53e",
    "https://esm.sh/openai@4.73.0/denonext/resources/images.mjs": "dc05d59ea918670bbde8a1c26759040f48ba2b30ea9fff634fb65285462b9304",
    "https://esm.sh/openai@4.73.0/denonext/resources/index.mjs": "410caac81884e63fee5ca27c5859ffb67ca18454813e203184f36c8cb661e4ba",
    "https://esm.sh/openai@4.73.0/denonext/resources/models.mjs": "41b8dcdb7a28b048596f88a8b4e8f5ba139275843413fe07d69da2784c166f57",
    "https://esm.sh/openai@4.73.0/denonext/resources/moderations.mjs": "fbddf1a38efb8e1458cf7a477ced26888d66f03ea32bbeaf0ee1e01e8673e8e7",
    "https://esm.sh/openai@4.73.0/denonext/resources/shared.mjs": "428a96ee92000a65fb00dd074006139231078c7b7afa4461e7b198fcf5cc68e8",
    "https://esm.sh/openai@4.73.0/denonext/resources/uploads/parts.mjs": "a3ab22056c2d971529158f3f24e377c967fe182d4c396dfd0d8d1aecd9b75ed9",
    "https://esm.sh/openai@4.73.0/denonext/resources/uploads/uploads.mjs": "35759fd19eeaca790fd8df7014506175d40a9a7e6dd4ba5647a5b541f6634ef1",
    "https://esm.sh/openai@4.73.0/denonext/streaming.mjs": "e2c0a83882a0467f469b20c74a6b993b12ce5432876f189df31ef8ec04da0082",
    "https://esm.sh/openai@4.73.0/denonext/uploads.mjs": "3c3af3cb4b02680da6c646c44f24f24887a55afe598e98a077af39bf8d90546e",
    "https://esm.sh/openai@4.73.0/denonext/version.mjs": "0d2fca1bad2ad44de987dd0aa08006fae9d52561f8302bb4f864cd6b1e0d3094",
    "https://esm.sh/zod-to-json-schema@3.25.0/denonext/zod-to-json-schema.mjs": "f3d5538c608935cdbe9a9917fe2ecb6dea71a7ab57397030c63d3f3c79473d98",
    "https://esm.sh/zod-to-json-schema@3.25.0?target=denonext": "6cfa7e3e038c479dbe24f48fa5a402c12850b7052a225b2dc7c64de09e3519f5",
    "https://esm.sh/zod@3.25.76/denonext/v3/ZodError.mjs": "7cb18052dad1b35a84cb7a3c1dc825e455f6c3fec0d89c4c4cc4059120042e30",
    "https://esm.sh/zod@3.25.76/denonext/v3/errors.mjs": "9a89b379ac5877d8c0bf4d14d6535ec5e6ab3afb526922acdc61299bac97790c",
    "https://esm.sh/zod@3.25.76/denonext/v3/external.mjs": "21935d798cd2c0c9709cabf9abfb0ed16b884a354beeaa214bfbe5f536267dcf",
    "https://esm.sh/zod@3.25.76/denonext/v3/helpers/util.mjs": "06f7d99705d93b009c1929407b1636e9c78fa69069f89361ceb3998e3b78b053",
    "https://esm.sh/zod@3.25.76/denonext/v3/locales/en.mjs": "6562956f1dd23d6a2d98b44b9e8116835a9fa6a7ec9cedd7f1d48d9e9dd1a7a0",
    "https://esm.sh/zod@3.25.76/denonext/zod.mjs": "c5134912da19c386fa022c7c5be6a68ef4c8679e42f435324208ef6e76a64161",
    "https://esm.sh/zod@3.25.76?target=denonext": "3fb2d6fc9ba6facc140a9875710339f90e89befb26fd9b39da83644d4dd6a701",
    "https://esm.sh/zod@4.2.1/denonext/v3.mjs": "759d7054536e161ab2cc62052e263e85dd7614547938f09f6ddca03ba6df5532",
    "https://esm.sh/zod@4.2.1/v3?target=denonext": "4819a05a791707c80dd93eec77eff9c27385cee31aee88cb17c50a16029ce2aa"
  },
  "workspace": {
    "dependencies": [
      "jsr:@supabase/supabase-js@2",
      "npm:@google/genai@*"
    ]
  }
}
